
Microsoft Visual Studio Solution File, Format Version 12.00
# Visual Studio 15
VisualStudioVersion = 15.0.26206.0
MinimumVisualStudioVersion = 10.0.40219.1
Project("{FAE04EC0-301F-11D3-BF4B-00C04F79EFBC}") = "RandomIDGenerator", "RandomIDGenerator\RandomIDGenerator.csproj", "{42E6DC5E-F18A-443A-B280-9454BE4F1AD8}"
EndProject
Project("{D954291E-2A0B-460D-934E-DC6B0785DB48}") = "RandomIDSystem", "RandomID\RandomIDSystem.shproj", "{690EF07A-1073-4F92-B3DB-CFE8D666F67E}"
EndProject
Global
	GlobalSection(SharedMSBuildProjectFiles) = preSolution
		RandomID\RandomID.projitems*{42e6dc5e-f18a-443a-b280-9454be4f1ad8}*SharedItemsImports = 4
		RandomID\RandomID.projitems*{690ef07a-1073-4f92-b3db-cfe8d666f67e}*SharedItemsImports = 13
	EndGlobalSection
	GlobalSection(SolutionConfigurationPlatforms) = preSolution
		Debug|Any CPU = Debug|Any CPU
		Release|Any CPU = Release|Any CPU
	EndGlobalSection
	GlobalSection(ProjectConfigurationPlatforms) = postSolution
		{42E6DC5E-F18A-443A-B280-9454BE4F1AD8}.Debug|Any CPU.ActiveCfg = Debug|Any CPU
		{42E6DC5E-F18A-443A-B280-9454BE4F1AD8}.Debug|Any CPU.Build.0 = Debug|Any CPU
		{42E6DC5E-F18A-443A-B280-9454BE4F1AD8}.Release|Any CPU.ActiveCfg = Release|Any CPU
		{42E6DC5E-F18A-443A-B280-9454BE4F1AD8}.Release|Any CPU.Build.0 = Release|Any CPU
	EndGlobalSection
	GlobalSection(SolutionProperties) = preSolution
		HideSolutionNode = FALSE
	EndGlobalSection
EndGlobal
